
Microsoft Visual Studio Solution File, Format Version 12.00
# Visual Studio Version 17
VisualStudioVersion = 17.14.36301.6 d17.14
MinimumVisualStudioVersion = 10.0.40219.1
Project("{FAE04EC0-301F-11D3-BF4B-00C04F79EFBC}") = "WorkerServiceDemo", "WorkerServiceDemo\WorkerServiceDemo.csproj", "{3F3782B5-DA71-4570-9D8E-C7D24DE9719A}"
EndProject
Global
	GlobalSection(SolutionConfigurationPlatforms) = preSolution
		Debug|Any CPU = Debug|Any CPU
		Release|Any CPU = Release|Any CPU
	EndGlobalSection
	GlobalSection(ProjectConfigurationPlatforms) = postSolution
		{3F3782B5-DA71-4570-9D8E-C7D24DE9719A}.Debug|Any CPU.ActiveCfg = Debug|Any CPU
		{3F3782B5-DA71-4570-9D8E-C7D24DE9719A}.Debug|Any CPU.Build.0 = Debug|Any CPU
		{3F3782B5-DA71-4570-9D8E-C7D24DE9719A}.Release|Any CPU.ActiveCfg = Release|Any CPU
		{3F3782B5-DA71-4570-9D8E-C7D24DE9719A}.Release|Any CPU.Build.0 = Release|Any CPU
	EndGlobalSection
	GlobalSection(SolutionProperties) = preSolution
		HideSolutionNode = FALSE
	EndGlobalSection
	GlobalSection(ExtensibilityGlobals) = postSolution
		SolutionGuid = {0D94CB30-0036-40C1-8FD9-16875F81BA56}
	EndGlobalSection
EndGlobal
